
Microsoft Visual Studio Solution File, Format Version 12.00
# Visual Studio Version 17
VisualStudioVersion = 17.1.32414.318
MinimumVisualStudioVersion = 10.0.40219.1
Project("{FAE04EC0-301F-11D3-BF4B-00C04F79EFBC}") = "FlipCoin", "FlipCoin.csproj", "{C3E027BA-7A7A-4748-B491-7CEC2B3121BC}"
EndProject
Global
	GlobalSection(SolutionConfigurationPlatforms) = preSolution
		Debug|Any CPU = Debug|Any CPU
		Release|Any CPU = Release|Any CPU
	EndGlobalSection
	GlobalSection(ProjectConfigurationPlatforms) = postSolution
		{C3E027BA-7A7A-4748-B491-7CEC2B3121BC}.Debug|Any CPU.ActiveCfg = Debug|Any CPU
		{C3E027BA-7A7A-4748-B491-7CEC2B3121BC}.Debug|Any CPU.Build.0 = Debug|Any CPU
		{C3E027BA-7A7A-4748-B491-7CEC2B3121BC}.Release|Any CPU.ActiveCfg = Release|Any CPU
		{C3E027BA-7A7A-4748-B491-7CEC2B3121BC}.Release|Any CPU.Build.0 = Release|Any CPU
	EndGlobalSection
	GlobalSection(SolutionProperties) = preSolution
		HideSolutionNode = FALSE
	EndGlobalSection
	GlobalSection(ExtensibilityGlobals) = postSolution
		SolutionGuid = {F7CEAEA4-FCFA-4F10-A094-A248EBCBACD2}
	EndGlobalSection
EndGlobal
